
Microsoft Visual Studio Solution File, Format Version 12.00
# Visual Studio Version 17
VisualStudioVersion = 17.14.36310.24
MinimumVisualStudioVersion = 10.0.40219.1
Project("{FAE04EC0-301F-11D3-BF4B-00C04F79EFBC}") = "Titan.Domain", "Titan.Domain\Titan.Domain.csproj", "{56B0CBF4-C6E5-49F9-A362-9A522B41FC23}"
EndProject
Project("{FAE04EC0-301F-11D3-BF4B-00C04F79EFBC}") = "Titan.Infrastructure", "Titan.Infrastructure\Titan.Infrastructure.csproj", "{C58DCB3B-C71E-4020-B43D-D0BFC0F0E3D1}"
EndProject
Project("{FAE04EC0-301F-11D3-BF4B-00C04F79EFBC}") = "Titan.Application", "Titan.Application\Titan.Application.csproj", "{BEC2E5B0-5D09-4620-B7EF-1161E3CBA154}"
EndProject
Project("{2150E333-8FDC-42A3-9474-1A3956D46DE8}") = "Solution Items", "Solution Items", "{8EC462FD-D22E-90A8-E5CE-7E832BA40C5D}"
	ProjectSection(SolutionItems) = preProject
		TextFile1.gitignore = TextFile1.gitignore
	EndProjectSection
EndProject
Project("{FAE04EC0-301F-11D3-BF4B-00C04F79EFBC}") = "Titan.API", "Titan.API\Titan.API.csproj", "{4254DC5B-9B6D-403F-A324-BE42131C8FCE}"
EndProject
Project("{FAE04EC0-301F-11D3-BF4B-00C04F79EFBC}") = "Titan.Client", "Titan.Client\Titan.Client.csproj", "{DB1A6B96-10BC-42E7-B903-07845C661790}"
EndProject
Global
	GlobalSection(SolutionConfigurationPlatforms) = preSolution
		Debug|Any CPU = Debug|Any CPU
		Release|Any CPU = Release|Any CPU
	EndGlobalSection
	GlobalSection(ProjectConfigurationPlatforms) = postSolution
		{56B0CBF4-C6E5-49F9-A362-9A522B41FC23}.Debug|Any CPU.ActiveCfg = Debug|Any CPU
		{56B0CBF4-C6E5-49F9-A362-9A522B41FC23}.Debug|Any CPU.Build.0 = Debug|Any CPU
		{56B0CBF4-C6E5-49F9-A362-9A522B41FC23}.Release|Any CPU.ActiveCfg = Release|Any CPU
		{56B0CBF4-C6E5-49F9-A362-9A522B41FC23}.Release|Any CPU.Build.0 = Release|Any CPU
		{C58DCB3B-C71E-4020-B43D-D0BFC0F0E3D1}.Debug|Any CPU.ActiveCfg = Debug|Any CPU
		{C58DCB3B-C71E-4020-B43D-D0BFC0F0E3D1}.Debug|Any CPU.Build.0 = Debug|Any CPU
		{C58DCB3B-C71E-4020-B43D-D0BFC0F0E3D1}.Release|Any CPU.ActiveCfg = Release|Any CPU
		{C58DCB3B-C71E-4020-B43D-D0BFC0F0E3D1}.Release|Any CPU.Build.0 = Release|Any CPU
		{BEC2E5B0-5D09-4620-B7EF-1161E3CBA154}.Debug|Any CPU.ActiveCfg = Debug|Any CPU
		{BEC2E5B0-5D09-4620-B7EF-1161E3CBA154}.Debug|Any CPU.Build.0 = Debug|Any CPU
		{BEC2E5B0-5D09-4620-B7EF-1161E3CBA154}.Release|Any CPU.ActiveCfg = Release|Any CPU
		{BEC2E5B0-5D09-4620-B7EF-1161E3CBA154}.Release|Any CPU.Build.0 = Release|Any CPU
		{4254DC5B-9B6D-403F-A324-BE42131C8FCE}.Debug|Any CPU.ActiveCfg = Debug|Any CPU
		{4254DC5B-9B6D-403F-A324-BE42131C8FCE}.Debug|Any CPU.Build.0 = Debug|Any CPU
		{4254DC5B-9B6D-403F-A324-BE42131C8FCE}.Release|Any CPU.ActiveCfg = Release|Any CPU
		{4254DC5B-9B6D-403F-A324-BE42131C8FCE}.Release|Any CPU.Build.0 = Release|Any CPU
		{DB1A6B96-10BC-42E7-B903-07845C661790}.Debug|Any CPU.ActiveCfg = Debug|Any CPU
		{DB1A6B96-10BC-42E7-B903-07845C661790}.Debug|Any CPU.Build.0 = Debug|Any CPU
		{DB1A6B96-10BC-42E7-B903-07845C661790}.Release|Any CPU.ActiveCfg = Release|Any CPU
		{DB1A6B96-10BC-42E7-B903-07845C661790}.Release|Any CPU.Build.0 = Release|Any CPU
	EndGlobalSection
	GlobalSection(SolutionProperties) = preSolution
		HideSolutionNode = FALSE
	EndGlobalSection
	GlobalSection(ExtensibilityGlobals) = postSolution
		SolutionGuid = {CB96BBA2-D753-40F6-8EE6-ADD6A6482C0E}
	EndGlobalSection
EndGlobal
